
Microsoft Visual Studio Solution File, Format Version 12.00
# Visual Studio 15
VisualStudioVersion = 15.0.28307.421
MinimumVisualStudioVersion = 10.0.40219.1
Project("{FAE04EC0-301F-11D3-BF4B-00C04F79EFBC}") = "Threading", "Threading\Threading.csproj", "{FB41EC8C-BA51-44F7-ADDD-92915ED14802}"
EndProject
Global
	GlobalSection(SolutionConfigurationPlatforms) = preSolution
		Debug|Any CPU = Debug|Any CPU
		Release|Any CPU = Release|Any CPU
	EndGlobalSection
	GlobalSection(ProjectConfigurationPlatforms) = postSolution
		{FB41EC8C-BA51-44F7-ADDD-92915ED14802}.Debug|Any CPU.ActiveCfg = Debug|Any CPU
		{FB41EC8C-BA51-44F7-ADDD-92915ED14802}.Debug|Any CPU.Build.0 = Debug|Any CPU
		{FB41EC8C-BA51-44F7-ADDD-92915ED14802}.Release|Any CPU.ActiveCfg = Release|Any CPU
		{FB41EC8C-BA51-44F7-ADDD-92915ED14802}.Release|Any CPU.Build.0 = Release|Any CPU
	EndGlobalSection
	GlobalSection(SolutionProperties) = preSolution
		HideSolutionNode = FALSE
	EndGlobalSection
	GlobalSection(ExtensibilityGlobals) = postSolution
		SolutionGuid = {F2684AAB-990E-46A3-83A1-5CE66082E38A}
	EndGlobalSection
EndGlobal
